
Microsoft Visual Studio Solution File, Format Version 9.00
# Visual C++ Express 2005
Project("{8BC9CEB8-8B4A-11D0-8D11-00A0C91BC942}") = "MagmaMUD", "MagmaMUD.vcproj", "{D9EEB346-EA63-4BCC-AF94-686E7DEB0084}"
EndProject
Global
	GlobalSection(SolutionConfigurationPlatforms) = preSolution
		Debug|Win32 = Debug|Win32
		Release|Win32 = Release|Win32
	EndGlobalSection
	GlobalSection(ProjectConfigurationPlatforms) = postSolution
		{D9EEB346-EA63-4BCC-AF94-686E7DEB0084}.Debug|Win32.ActiveCfg = Debug|Win32
		{D9EEB346-EA63-4BCC-AF94-686E7DEB0084}.Debug|Win32.Build.0 = Debug|Win32
		{D9EEB346-EA63-4BCC-AF94-686E7DEB0084}.Release|Win32.ActiveCfg = Release|Win32
		{D9EEB346-EA63-4BCC-AF94-686E7DEB0084}.Release|Win32.Build.0 = Release|Win32
	EndGlobalSection
	GlobalSection(SolutionProperties) = preSolution
		HideSolutionNode = FALSE
	EndGlobalSection
EndGlobal
